
Microsoft Visual Studio Solution File, Format Version 12.00
# Visual Studio Version 16
VisualStudioVersion = 16.0.30907.101
MinimumVisualStudioVersion = 10.0.40219.1
Project("{8BC9CEB8-8B4A-11D0-8D11-00A0C91BC942}") = "MakeProject", "MakeProject\MakeProject.vcxproj", "{82861BD2-90D1-4D7F-9C02-49B3C7828D24}"
EndProject
Global
	GlobalSection(SolutionConfigurationPlatforms) = preSolution
		Debug|x64 = Debug|x64
		Release|x64 = Release|x64
	EndGlobalSection
	GlobalSection(ProjectConfigurationPlatforms) = postSolution
		{82861BD2-90D1-4D7F-9C02-49B3C7828D24}.Debug|x64.ActiveCfg = Debug|x64
		{82861BD2-90D1-4D7F-9C02-49B3C7828D24}.Debug|x64.Build.0 = Debug|x64
		{82861BD2-90D1-4D7F-9C02-49B3C7828D24}.Release|x64.ActiveCfg = Release|x64
		{82861BD2-90D1-4D7F-9C02-49B3C7828D24}.Release|x64.Build.0 = Release|x64
	EndGlobalSection
	GlobalSection(SolutionProperties) = preSolution
		HideSolutionNode = FALSE
	EndGlobalSection
	GlobalSection(ExtensibilityGlobals) = postSolution
		SolutionGuid = {28578963-D5D2-42CD-8A38-806CF2D412F7}
	EndGlobalSection
EndGlobal
